// !$*UTF8*$!
{
	archiveVersion = 1;
	classes = {
	};
	objectVersion = 56;
	objects = {

/* Begin PBXBuildFile section */
		6D2C18BD29542C6600E2DA4E /* AppDelegate.swift in Sources */ = {isa = PBXBuildFile; fileRef = 6D2C18BC29542C6600E2DA4E /* AppDelegate.swift */; };
		6D2C18BF29542C6600E2DA4E /* SceneDelegate.swift in Sources */ = {isa = PBXBuildFile; fileRef = 6D2C18BE29542C6600E2DA4E /* SceneDelegate.swift */; };
		6D2C18C129542C6600E2DA4E /* ViewController.swift in Sources */ = {isa = PBXBuildFile; fileRef = 6D2C18C029542C6600E2DA4E /* ViewController.swift */; };
		6D2C18C429542C6600E2DA4E /* Main.storyboard in Resources */ = {isa = PBXBuildFile; fileRef = 6D2C18C229542C6600E2DA4E /* Main.storyboard */; };
		6D2C18C629542C6800E2DA4E /* Assets.xcassets in Resources */ = {isa = PBXBuildFile; fileRef = 6D2C18C529542C6800E2DA4E /* Assets.xcassets */; };
		6D2C18C929542C6800E2DA4E /* LaunchScreen.storyboard in Resources */ = {isa = PBXBuildFile; fileRef = 6D2C18C729542C6800E2DA4E /* LaunchScreen.storyboard */; };
		6D2C18D429542C6900E2DA4E /* WorldTrotterTests.swift in Sources */ = {isa = PBXBuildFile; fileRef = 6D2C18D329542C6900E2DA4E /* WorldTrotterTests.swift */; };
		6D2C18DE29542C6900E2DA4E /* WorldTrotterUITests.swift in Sources */ = {isa = PBXBuildFile; fileRef = 6D2C18DD29542C6900E2DA4E /* WorldTrotterUITests.swift */; };
		6D2C18E029542C6900E2DA4E /* WorldTrotterUITestsLaunchTests.swift in Sources */ = {isa = PBXBuildFile; fileRef = 6D2C18DF29542C6900E2DA4E /* WorldTrotterUITestsLaunchTests.swift */; };
/* End PBXBuildFile section */

/* Begin PBXContainerItemProxy section */
		6D2C18D029542C6900E2DA4E /* PBXContainerItemProxy */ = {
			isa = PBXContainerItemProxy;
			containerPortal = 6D2C18B129542C6600E2DA4E /* Project object */;
			proxyType = 1;
			remoteGlobalIDString = 6D2C18B829542C6600E2DA4E;
			remoteInfo = WorldTrotter;
		};
		6D2C18DA29542C6900E2DA4E /* PBXContainerItemProxy */ = {
			isa = PBXContainerItemProxy;
			containerPortal = 6D2C18B129542C6600E2DA4E /* Project object */;
			proxyType = 1;
			remoteGlobalIDString = 6D2C18B829542C6600E2DA4E;
			remoteInfo = WorldTrotter;
		};
/* End PBXContainerItemProxy section */

/* Begin PBXFileReference section */
		6D2C18B929542C6600E2DA4E /* WorldTrotter.app */ = {isa = PBXFileReference; explicitFileType = wrapper.application; includeInIndex = 0; path = WorldTrotter.app; sourceTree = BUILT_PRODUCTS_DIR; };
		6D2C18BC29542C6600E2DA4E /* AppDelegate.swift */ = {isa = PBXFileReference; lastKnownFileType = sourcecode.swift; path = AppDelegate.swift; sourceTree = "<group>"; };
		6D2C18BE29542C6600E2DA4E /* SceneDelegate.swift */ = {isa = PBXFileReference; lastKnownFileType = sourcecode.swift; path = SceneDelegate.swift; sourceTree = "<group>"; };
		6D2C18C029542C6600E2DA4E /* ViewController.swift */ = {isa = PBXFileReference; lastKnownFileType = sourcecode.swift; path = ViewController.swift; sourceTree = "<group>"; };
		6D2C18C329542C6600E2DA4E /* Base */ = {isa = PBXFileReference; lastKnownFileType = file.storyboard; name = Base; path = Base.lproj/Main.storyboard; sourceTree = "<group>"; };
		6D2C18C529542C6800E2DA4E /* Assets.xcassets */ = {isa = PBXFileReference; lastKnownFileType = folder.assetcatalog; path = Assets.xcassets; sourceTree = "<group>"; };
		6D2C18C829542C6800E2DA4E /* Base */ = {isa = PBXFileReference; lastKnownFileType = file.storyboard; name = Base; path = Base.lproj/LaunchScreen.storyboard; sourceTree = "<group>"; };
		6D2C18CA29542C6800E2DA4E /* Info.plist */ = {isa = PBXFileReference; lastKnownFileType = text.plist.xml; path = Info.plist; sourceTree = "<group>"; };
		6D2C18CF29542C6900E2DA4E /* WorldTrotterTests.xctest */ = {isa = PBXFileReference; explicitFileType = wrapper.cfbundle; includeInIndex = 0; path = WorldTrotterTests.xctest; sourceTree = BUILT_PRODUCTS_DIR; };
		6D2C18D329542C6900E2DA4E /* WorldTrotterTests.swift */ = {isa = PBXFileReference; lastKnownFileType = sourcecode.swift; path = WorldTrotterTests.swift; sourceTree = "<group>"; };
		6D2C18D929542C6900E2DA4E /* WorldTrotterUITests.xctest */ = {isa = PBXFileReference; explicitFileType = wrapper.cfbundle; includeInIndex = 0; path = WorldTrotterUITests.xctest; sourceTree = BUILT_PRODUCTS_DIR; };
		6D2C18DD29542C6900E2DA4E /* WorldTrotterUITests.swift */ = {isa = PBXFileReference; lastKnownFileType = sourcecode.swift; path = WorldTrotterUITests.swift; sourceTree = "<group>"; };
		6D2C18DF29542C6900E2DA4E /* WorldTrotterUITestsLaunchTests.swift */ = {isa = PBXFileReference; lastKnownFileType = sourcecode.swift; path = WorldTrotterUITestsLaunchTests.swift; sourceTree = "<group>"; };
/* End PBXFileReference section */

/* Begin PBXFrameworksBuildPhase section */
		6D2C18B629542C6600E2DA4E /* Frameworks */ = {
			isa = PBXFrameworksBuildPhase;
			buildActionMask = 2147483647;
			files = (
			);
			runOnlyForDeploymentPostprocessing = 0;
		};
		6D2C18CC29542C6900E2DA4E /* Frameworks */ = {
			isa = PBXFrameworksBuildPhase;
			buildActionMask = 2147483647;
			files = (
			);
			runOnlyForDeploymentPostprocessing = 0;
		};
		6D2C18D629542C6900E2DA4E /* Frameworks */ = {
			isa = PBXFrameworksBuildPhase;
			buildActionMask = 2147483647;
			files = (
			);
			runOnlyForDeploymentPostprocessing = 0;
		};
/* End PBXFrameworksBuildPhase section */

/* Begin PBXGroup section */
		6D2C18B029542C6600E2DA4E = {
			isa = PBXGroup;
			children = (
				6D2C18BB29542C6600E2DA4E /* WorldTrotter */,
				6D2C18D229542C6900E2DA4E /* WorldTrotterTests */,
				6D2C18DC29542C6900E2DA4E /* WorldTrotterUITests */,
				6D2C18BA29542C6600E2DA4E /* Products */,
			);
			sourceTree = "<group>";
		};
		6D2C18BA29542C6600E2DA4E /* Products */ = {
			isa = PBXGroup;
			children = (
				6D2C18B929542C6600E2DA4E /* WorldTrotter.app */,
				6D2C18CF29542C6900E2DA4E /* WorldTrotterTests.xctest */,
				6D2C18D929542C6900E2DA4E /* WorldTrotterUITests.xctest */,
			);
			name = Products;
			sourceTree = "<group>";
		};
		6D2C18BB29542C6600E2DA4E /* WorldTrotter */ = {
			isa = PBXGroup;
			children = (
				6D2C18BC29542C6600E2DA4E /* AppDelegate.swift */,
				6D2C18BE29542C6600E2DA4E /* SceneDelegate.swift */,
				6D2C18C029542C6600E2DA4E /* ViewController.swift */,
				6D2C18C229542C6600E2DA4E /* Main.storyboard */,
				6D2C18C529542C6800E2DA4E /* Assets.xcassets */,
				6D2C18C729542C6800E2DA4E /* LaunchScreen.storyboard */,
				6D2C18CA29542C6800E2DA4E /* Info.plist */,
			);
			path = WorldTrotter;
			sourceTree = "<group>";
		};
		6D2C18D229542C6900E2DA4E /* WorldTrotterTests */ = {
			isa = PBXGroup;
			children = (
				6D2C18D329542C6900E2DA4E /* WorldTrotterTests.swift */,
			);
			path = WorldTrotterTests;
			sourceTree = "<group>";
		};
		6D2C18DC29542C6900E2DA4E /* WorldTrotterUITests */ = {
			isa = PBXGroup;
			children = (
				6D2C18DD29542C6900E2DA4E /* WorldTrotterUITests.swift */,
				6D2C18DF29542C6900E2DA4E /* WorldTrotterUITestsLaunchTests.swift */,
			);
			path = WorldTrotterUITests;
			sourceTree = "<group>";
		};
/* End PBXGroup section */

/* Begin PBXNativeTarget section */
		6D2C18B829542C6600E2DA4E /* WorldTrotter */ = {
			isa = PBXNativeTarget;
			buildConfigurationList = 6D2C18E329542C6900E2DA4E /* Build configuration list for PBXNativeTarget "WorldTrotter" */;
			buildPhases = (
				6D2C18B529542C6600E2DA4E /* Sources */,
				6D2C18B629542C6600E2DA4E /* Frameworks */,
				6D2C18B729542C6600E2DA4E /* Resources */,
			);
			buildRules = (
			);
			dependencies = (
			);
			name = WorldTrotter;
			productName = WorldTrotter;
			productReference = 6D2C18B929542C6600E2DA4E /* WorldTrotter.app */;
			productType = "com.apple.product-type.application";
		};
		6D2C18CE29542C6900E2DA4E /* WorldTrotterTests */ = {
			isa = PBXNativeTarget;
			buildConfigurationList = 6D2C18E629542C6900E2DA4E /* Build configuration list for PBXNativeTarget "WorldTrotterTests" */;
			buildPhases = (
				6D2C18CB29542C6900E2DA4E /* Sources */,
				6D2C18CC29542C6900E2DA4E /* Frameworks */,
				6D2C18CD29542C6900E2DA4E /* Resources */,
			);
			buildRules = (
			);
			dependencies = (
				6D2C18D129542C6900E2DA4E /* PBXTargetDependency */,
			);
			name = WorldTrotterTests;
			productName = WorldTrotterTests;
			productReference = 6D2C18CF29542C6900E2DA4E /* WorldTrotterTests.xctest */;
			productType = "com.apple.product-type.bundle.unit-test";
		};
		6D2C18D829542C6900E2DA4E /* WorldTrotterUITests */ = {
			isa = PBXNativeTarget;
			buildConfigurationList = 6D2C18E929542C6900E2DA4E /* Build configuration list for PBXNativeTarget "WorldTrotterUITests" */;
			buildPhases = (
				6D2C18D529542C6900E2DA4E /* Sources */,
				6D2C18D629542C6900E2DA4E /* Frameworks */,
				6D2C18D729542C6900E2DA4E /* Resources */,
			);
			buildRules = (
			);
			dependencies = (
				6D2C18DB29542C6900E2DA4E /* PBXTargetDependency */,
			);
			name = WorldTrotterUITests;
			productName = WorldTrotterUITests;
			productReference = 6D2C18D929542C6900E2DA4E /* WorldTrotterUITests.xctest */;
			productType = "com.apple.product-type.bundle.ui-testing";
		};
/* End PBXNativeTarget section */

/* Begin PBXProject section */
		6D2C18B129542C6600E2DA4E /* Project object */ = {
			isa = PBXProject;
			attributes = {
				BuildIndependentTargetsInParallel = 1;
				LastSwiftUpdateCheck = 1400;
				LastUpgradeCheck = 1400;
				TargetAttributes = {
					6D2C18B829542C6600E2DA4E = {
						CreatedOnToolsVersion = 14.0.1;
					};
					6D2C18CE29542C6900E2DA4E = {
						CreatedOnToolsVersion = 14.0.1;
						TestTargetID = 6D2C18B829542C6600E2DA4E;
					};
					6D2C18D829542C6900E2DA4E = {
						CreatedOnToolsVersion = 14.0.1;
						TestTargetID = 6D2C18B829542C6600E2DA4E;
					};
				};
			};
			buildConfigurationList = 6D2C18B429542C6600E2DA4E /* Build configuration list for PBXProject "WorldTrotter" */;
			compatibilityVersion = "Xcode 14.0";
			developmentRegion = en;
			hasScannedForEncodings = 0;
			knownRegions = (
				en,
				Base,
			);
			mainGroup = 6D2C18B029542C6600E2DA4E;
			productRefGroup = 6D2C18BA29542C6600E2DA4E /* Products */;
			projectDirPath = "";
			projectRoot = "";
			targets = (
				6D2C18B829542C6600E2DA4E /* WorldTrotter */,
				6D2C18CE29542C6900E2DA4E /* WorldTrotterTests */,
				6D2C18D829542C6900E2DA4E /* WorldTrotterUITests */,
			);
		};
/* End PBXProject section */

/* Begin PBXResourcesBuildPhase section */
		6D2C18B729542C6600E2DA4E /* Resources */ = {
			isa = PBXResourcesBuildPhase;
			buildActionMask = 2147483647;
			files = (
				6D2C18C929542C6800E2DA4E /* LaunchScreen.storyboard in Resources */,
				6D2C18C629542C6800E2DA4E /* Assets.xcassets in Resources */,
				6D2C18C429542C6600E2DA4E /* Main.storyboard in Resources */,
			);
			runOnlyForDeploymentPostprocessing = 0;
		};
		6D2C18CD29542C6900E2DA4E /* Resources */ = {
			isa = PBXResourcesBuildPhase;
			buildActionMask = 2147483647;
			files = (
			);
			runOnlyForDeploymentPostprocessing = 0;
		};
		6D2C18D729542C6900E2DA4E /* Resources */ = {
			isa = PBXResourcesBuildPhase;
			buildActionMask = 2147483647;
			files = (
			);
			runOnlyForDeploymentPostprocessing = 0;
		};
/* End PBXResourcesBuildPhase section */

/* Begin PBXSourcesBuildPhase section */
		6D2C18B529542C6600E2DA4E /* Sources */ = {
			isa = PBXSourcesBuildPhase;
			buildActionMask = 2147483647;
			files = (
				6D2C18C129542C6600E2DA4E /* ViewController.swift in Sources */,
				6D2C18BD29542C6600E2DA4E /* AppDelegate.swift in Sources */,
				6D2C18BF29542C6600E2DA4E /* SceneDelegate.swift in Sources */,
			);
			runOnlyForDeploymentPostprocessing = 0;
		};
		6D2C18CB29542C6900E2DA4E /* Sources */ = {
			isa = PBXSourcesBuildPhase;
			buildActionMask = 2147483647;
			files = (
				6D2C18D429542C6900E2DA4E /* WorldTrotterTests.swift in Sources */,
			);
			runOnlyForDeploymentPostprocessing = 0;
		};
		6D2C18D529542C6900E2DA4E /* Sources */ = {
			isa = PBXSourcesBuildPhase;
			buildActionMask = 2147483647;
			files = (
				6D2C18E029542C6900E2DA4E /* WorldTrotterUITestsLaunchTests.swift in Sources */,
				6D2C18DE29542C6900E2DA4E /* WorldTrotterUITests.swift in Sources */,
			);
			runOnlyForDeploymentPostprocessing = 0;
		};
/* End PBXSourcesBuildPhase section */

/* Begin PBXTargetDependency section */
		6D2C18D129542C6900E2DA4E /* PBXTargetDependency */ = {
			isa = PBXTargetDependency;
			target = 6D2C18B829542C6600E2DA4E /* WorldTrotter */;
			targetProxy = 6D2C18D029542C6900E2DA4E /* PBXContainerItemProxy */;
		};
		6D2C18DB29542C6900E2DA4E /* PBXTargetDependency */ = {
			isa = PBXTargetDependency;
			target = 6D2C18B829542C6600E2DA4E /* WorldTrotter */;
			targetProxy = 6D2C18DA29542C6900E2DA4E /* PBXContainerItemProxy */;
		};
/* End PBXTargetDependency section */

/* Begin PBXVariantGroup section */
		6D2C18C229542C6600E2DA4E /* Main.storyboard */ = {
			isa = PBXVariantGroup;
			children = (
				6D2C18C329542C6600E2DA4E /* Base */,
			);
			name = Main.storyboard;
			sourceTree = "<group>";
		};
		6D2C18C729542C6800E2DA4E /* LaunchScreen.storyboard */ = {
			isa = PBXVariantGroup;
			children = (
				6D2C18C829542C6800E2DA4E /* Base */,
			);
			name = LaunchScreen.storyboard;
			sourceTree = "<group>";
		};
/* End PBXVariantGroup section */

/* Begin XCBuildConfiguration section */
		6D2C18E129542C6900E2DA4E /* Debug */ = {
			isa = XCBuildConfiguration;
			buildSettings = {
				ALWAYS_SEARCH_USER_PATHS = NO;
				CLANG_ANALYZER_NONNULL = YES;
				CLANG_ANALYZER_NUMBER_OBJECT_CONVERSION = YES_AGGRESSIVE;
				CLANG_CXX_LANGUAGE_STANDARD = "gnu++20";
				CLANG_ENABLE_MODULES = YES;
				CLANG_ENABLE_OBJC_ARC = YES;
				CLANG_ENABLE_OBJC_WEAK = YES;
				CLANG_WARN_BLOCK_CAPTURE_AUTORELEASING = YES;
				CLANG_WARN_BOOL_CONVERSION = YES;
				CLANG_WARN_COMMA = YES;
				CLANG_WARN_CONSTANT_CONVERSION = YES;
				CLANG_WARN_DEPRECATED_OBJC_IMPLEMENTATIONS = YES;
				CLANG_WARN_DIRECT_OBJC_ISA_USAGE = YES_ERROR;
				CLANG_WARN_DOCUMENTATION_COMMENTS = YES;
				CLANG_WARN_EMPTY_BODY = YES;
				CLANG_WARN_ENUM_CONVERSION = YES;
				CLANG_WARN_INFINITE_RECURSION = YES;
				CLANG_WARN_INT_CONVERSION = YES;
				CLANG_WARN_NON_LITERAL_NULL_CONVERSION = YES;
				CLANG_WARN_OBJC_IMPLICIT_RETAIN_SELF = YES;
				CLANG_WARN_OBJC_LITERAL_CONVERSION = YES;
				CLANG_WARN_OBJC_ROOT_CLASS = YES_ERROR;
				CLANG_WARN_QUOTED_INCLUDE_IN_FRAMEWORK_HEADER = YES;
				CLANG_WARN_RANGE_LOOP_ANALYSIS = YES;
				CLANG_WARN_STRICT_PROTOTYPES = YES;
				CLANG_WARN_SUSPICIOUS_MOVE = YES;
				CLANG_WARN_UNGUARDED_AVAILABILITY = YES_AGGRESSIVE;
				CLANG_WARN_UNREACHABLE_CODE = YES;
				CLANG_WARN__DUPLICATE_METHOD_MATCH = YES;
				COPY_PHASE_STRIP = NO;
				DEBUG_INFORMATION_FORMAT = dwarf;
				ENABLE_STRICT_OBJC_MSGSEND = YES;
				ENABLE_TESTABILITY = YES;
				GCC_C_LANGUAGE_STANDARD = gnu11;
				GCC_DYNAMIC_NO_PIC = NO;
				GCC_NO_COMMON_BLOCKS = YES;
				GCC_OPTIMIZATION_LEVEL = 0;
				GCC_PREPROCESSOR_DEFINITIONS = (
					"DEBUG=1",
					"$(inherited)",
				);
				GCC_WARN_64_TO_32_BIT_CONVERSION = YES;
				GCC_WARN_ABOUT_RETURN_TYPE = YES_ERROR;
				GCC_WARN_UNDECLARED_SELECTOR = YES;
				GCC_WARN_UNINITIALIZED_AUTOS = YES_AGGRESSIVE;
				GCC_WARN_UNUSED_FUNCTION = YES;
				GCC_WARN_UNUSED_VARIABLE = YES;
				IPHONEOS_DEPLOYMENT_TARGET = 16.0;
				MTL_ENABLE_DEBUG_INFO = INCLUDE_SOURCE;
				MTL_FAST_MATH = YES;
				ONLY_ACTIVE_ARCH = YES;
				SDKROOT = iphoneos;
				SWIFT_ACTIVE_COMPILATION_CONDITIONS = DEBUG;
				SWIFT_OPTIMIZATION_LEVEL = "-Onone";
			};
			name = Debug;
		};
		6D2C18E229542C6900E2DA4E /* Release */ = {
			isa = XCBuildConfiguration;
			buildSettings = {
				ALWAYS_SEARCH_USER_PATHS = NO;
				CLANG_ANALYZER_NONNULL = YES;
				CLANG_ANALYZER_NUMBER_OBJECT_CONVERSION = YES_AGGRESSIVE;
				CLANG_CXX_LANGUAGE_STANDARD = "gnu++20";
				CLANG_ENABLE_MODULES = YES;
				CLANG_ENABLE_OBJC_ARC = YES;
				CLANG_ENABLE_OBJC_WEAK = YES;
				CLANG_WARN_BLOCK_CAPTURE_AUTORELEASING = YES;
				CLANG_WARN_BOOL_CONVERSION = YES;
				CLANG_WARN_COMMA = YES;
				CLANG_WARN_CONSTANT_CONVERSION = YES;
				CLANG_WARN_DEPRECATED_OBJC_IMPLEMENTATIONS = YES;
				CLANG_WARN_DIRECT_OBJC_ISA_USAGE = YES_ERROR;
				CLANG_WARN_DOCUMENTATION_COMMENTS = YES;
				CLANG_WARN_EMPTY_BODY = YES;
				CLANG_WARN_ENUM_CONVERSION = YES;
				CLANG_WARN_INFINITE_RECURSION = YES;
				CLANG_WARN_INT_CONVERSION = YES;
				CLANG_WARN_NON_LITERAL_NULL_CONVERSION = YES;
				CLANG_WARN_OBJC_IMPLICIT_RETAIN_SELF = YES;
				CLANG_WARN_OBJC_LITERAL_CONVERSION = YES;
				CLANG_WARN_OBJC_ROOT_CLASS = YES_ERROR;
				CLANG_WARN_QUOTED_INCLUDE_IN_FRAMEWORK_HEADER = YES;
				CLANG_WARN_RANGE_LOOP_ANALYSIS = YES;
				CLANG_WARN_STRICT_PROTOTYPES = YES;
				CLANG_WARN_SUSPICIOUS_MOVE = YES;
				CLANG_WARN_UNGUARDED_AVAILABILITY = YES_AGGRESSIVE;
				CLANG_WARN_UNREACHABLE_CODE = YES;
				CLANG_WARN__DUPLICATE_METHOD_MATCH = YES;
				COPY_PHASE_STRIP = NO;
				DEBUG_INFORMATION_FORMAT = "dwarf-with-dsym";
				ENABLE_NS_ASSERTIONS = NO;
				ENABLE_STRICT_OBJC_MSGSEND = YES;
				GCC_C_LANGUAGE_STANDARD = gnu11;
				GCC_NO_COMMON_BLOCKS = YES;
				GCC_WARN_64_TO_32_BIT_CONVERSION = YES;
				GCC_WARN_ABOUT_RETURN_TYPE = YES_ERROR;
				GCC_WARN_UNDECLARED_SELECTOR = YES;
				GCC_WARN_UNINITIALIZED_AUTOS = YES_AGGRESSIVE;
				GCC_WARN_UNUSED_FUNCTION = YES;
				GCC_WARN_UNUSED_VARIABLE = YES;
				IPHONEOS_DEPLOYMENT_TARGET = 16.0;
				MTL_ENABLE_DEBUG_INFO = NO;
				MTL_FAST_MATH = YES;
				SDKROOT = iphoneos;
				SWIFT_COMPILATION_MODE = wholemodule;
				SWIFT_OPTIMIZATION_LEVEL = "-O";
				VALIDATE_PRODUCT = YES;
			};
			name = Release;
		};
		6D2C18E429542C6900E2DA4E /* Debug */ = {
			isa = XCBuildConfiguration;
			buildSettings = {
				ASSETCATALOG_COMPILER_APPICON_NAME = AppIcon;
				ASSETCATALOG_COMPILER_GLOBAL_ACCENT_COLOR_NAME = AccentColor;
				CODE_SIGN_STYLE = Automatic;
				CURRENT_PROJECT_VERSION = 1;
				GENERATE_INFOPLIST_FILE = YES;
				INFOPLIST_FILE = WorldTrotter/Info.plist;
				INFOPLIST_KEY_UIApplicationSupportsIndirectInputEvents = YES;
				INFOPLIST_KEY_UILaunchStoryboardName = LaunchScreen;
				INFOPLIST_KEY_UIMainStoryboardFile = Main;
				INFOPLIST_KEY_UISupportedInterfaceOrientations_iPad = "UIInterfaceOrientationPortrait UIInterfaceOrientationPortraitUpsideDown UIInterfaceOrientationLandscapeLeft UIInterfaceOrientationLandscapeRight";
				INFOPLIST_KEY_UISupportedInterfaceOrientations_iPhone = "UIInterfaceOrientationPortrait UIInterfaceOrientationLandscapeLeft UIInterfaceOrientationLandscapeRight";
				LD_RUNPATH_SEARCH_PATHS = (
					"$(inherited)",
					"@executable_path/Frameworks",
				);
				MARKETING_VERSION = 1.0;
				PRODUCT_BUNDLE_IDENTIFIER = atallah.WorldTrotter;
				PRODUCT_NAME = "$(TARGET_NAME)";
				SWIFT_EMIT_LOC_STRINGS = YES;
				SWIFT_VERSION = 5.0;
				TARGETED_DEVICE_FAMILY = "1,2";
			};
			name = Debug;
		};
		6D2C18E529542C6900E2DA4E /* Release */ = {
			isa = XCBuildConfiguration;
			buildSettings = {
				ASSETCATALOG_COMPILER_APPICON_NAME = AppIcon;
				ASSETCATALOG_COMPILER_GLOBAL_ACCENT_COLOR_NAME = AccentColor;
				CODE_SIGN_STYLE = Automatic;
				CURRENT_PROJECT_VERSION = 1;
				GENERATE_INFOPLIST_FILE = YES;
				INFOPLIST_FILE = WorldTrotter/Info.plist;
				INFOPLIST_KEY_UIApplicationSupportsIndirectInputEvents = YES;
				INFOPLIST_KEY_UILaunchStoryboardName = LaunchScreen;
				INFOPLIST_KEY_UIMainStoryboardFile = Main;
				INFOPLIST_KEY_UISupportedInterfaceOrientations_iPad = "UIInterfaceOrientationPortrait UIInterfaceOrientationPortraitUpsideDown UIInterfaceOrientationLandscapeLeft UIInterfaceOrientationLandscapeRight";
				INFOPLIST_KEY_UISupportedInterfaceOrientations_iPhone = "UIInterfaceOrientationPortrait UIInterfaceOrientationLandscapeLeft UIInterfaceOrientationLandscapeRight";
				LD_RUNPATH_SEARCH_PATHS = (
					"$(inherited)",
					"@executable_path/Frameworks",
				);
				MARKETING_VERSION = 1.0;
				PRODUCT_BUNDLE_IDENTIFIER = atallah.WorldTrotter;
				PRODUCT_NAME = "$(TARGET_NAME)";
				SWIFT_EMIT_LOC_STRINGS = YES;
				SWIFT_VERSION = 5.0;
				TARGETED_DEVICE_FAMILY = "1,2";
			};
			name = Release;
		};
		6D2C18E729542C6900E2DA4E /* Debug */ = {
			isa = XCBuildConfiguration;
			buildSettings = {
				ALWAYS_EMBED_SWIFT_STANDARD_LIBRARIES = YES;
				BUNDLE_LOADER = "$(TEST_HOST)";
				CODE_SIGN_STYLE = Automatic;
				CURRENT_PROJECT_VERSION = 1;
				GENERATE_INFOPLIST_FILE = YES;
				IPHONEOS_DEPLOYMENT_TARGET = 16.0;
				MARKETING_VERSION = 1.0;
				PRODUCT_BUNDLE_IDENTIFIER = atallah.WorldTrotterTests;
				PRODUCT_NAME = "$(TARGET_NAME)";
				SWIFT_EMIT_LOC_STRINGS = NO;
				SWIFT_VERSION = 5.0;
				TARGETED_DEVICE_FAMILY = "1,2";
				TEST_HOST = "$(BUILT_PRODUCTS_DIR)/WorldTrotter.app/$(BUNDLE_EXECUTABLE_FOLDER_PATH)/WorldTrotter";
			};
			name = Debug;
		};
		6D2C18E829542C6900E2DA4E /* Release */ = {
			isa = XCBuildConfiguration;
			buildSettings = {
				ALWAYS_EMBED_SWIFT_STANDARD_LIBRARIES = YES;
				BUNDLE_LOADER = "$(TEST_HOST)";
				CODE_SIGN_STYLE = Automatic;
				CURRENT_PROJECT_VERSION = 1;
				GENERATE_INFOPLIST_FILE = YES;
				IPHONEOS_DEPLOYMENT_TARGET = 16.0;
				MARKETING_VERSION = 1.0;
				PRODUCT_BUNDLE_IDENTIFIER = atallah.WorldTrotterTests;
				PRODUCT_NAME = "$(TARGET_NAME)";
				SWIFT_EMIT_LOC_STRINGS = NO;
				SWIFT_VERSION = 5.0;
				TARGETED_DEVICE_FAMILY = "1,2";
				TEST_HOST = "$(BUILT_PRODUCTS_DIR)/WorldTrotter.app/$(BUNDLE_EXECUTABLE_FOLDER_PATH)/WorldTrotter";
			};
			name = Release;
		};
		6D2C18EA29542C6900E2DA4E /* Debug */ = {
			isa = XCBuildConfiguration;
			buildSettings = {
				ALWAYS_EMBED_SWIFT_STANDARD_LIBRARIES = YES;
				CODE_SIGN_STYLE = Automatic;
				CURRENT_PROJECT_VERSION = 1;
				GENERATE_INFOPLIST_FILE = YES;
				MARKETING_VERSION = 1.0;
				PRODUCT_BUNDLE_IDENTIFIER = atallah.WorldTrotterUITests;
				PRODUCT_NAME = "$(TARGET_NAME)";
				SWIFT_EMIT_LOC_STRINGS = NO;
				SWIFT_VERSION = 5.0;
				TARGETED_DEVICE_FAMILY = "1,2";
				TEST_TARGET_NAME = WorldTrotter;
			};
			name = Debug;
		};
		6D2C18EB29542C6900E2DA4E /* Release */ = {
			isa = XCBuildConfiguration;
			buildSettings = {
				ALWAYS_EMBED_SWIFT_STANDARD_LIBRARIES = YES;
				CODE_SIGN_STYLE = Automatic;
				CURRENT_PROJECT_VERSION = 1;
				GENERATE_INFOPLIST_FILE = YES;
				MARKETING_VERSION = 1.0;
				PRODUCT_BUNDLE_IDENTIFIER = atallah.WorldTrotterUITests;
				PRODUCT_NAME = "$(TARGET_NAME)";
				SWIFT_EMIT_LOC_STRINGS = NO;
				SWIFT_VERSION = 5.0;
				TARGETED_DEVICE_FAMILY = "1,2";
				TEST_TARGET_NAME = WorldTrotter;
			};
			name = Release;
		};
/* End XCBuildConfiguration section */

/* Begin XCConfigurationList section */
		6D2C18B429542C6600E2DA4E /* Build configuration list for PBXProject "WorldTrotter" */ = {
			isa = XCConfigurationList;
			buildConfigurations = (
				6D2C18E129542C6900E2DA4E /* Debug */,
				6D2C18E229542C6900E2DA4E /* Release */,
			);
			defaultConfigurationIsVisible = 0;
			defaultConfigurationName = Release;
		};
		6D2C18E329542C6900E2DA4E /* Build configuration list for PBXNativeTarget "WorldTrotter" */ = {
			isa = XCConfigurationList;
			buildConfigurations = (
				6D2C18E429542C6900E2DA4E /* Debug */,
				6D2C18E529542C6900E2DA4E /* Release */,
			);
			defaultConfigurationIsVisible = 0;
			defaultConfigurationName = Release;
		};
		6D2C18E629542C6900E2DA4E /* Build configuration list for PBXNativeTarget "WorldTrotterTests" */ = {
			isa = XCConfigurationList;
			buildConfigurations = (
				6D2C18E729542C6900E2DA4E /* Debug */,
				6D2C18E829542C6900E2DA4E /* Release */,
			);
			defaultConfigurationIsVisible = 0;
			defaultConfigurationName = Release;
		};
		6D2C18E929542C6900E2DA4E /* Build configuration list for PBXNativeTarget "WorldTrotterUITests" */ = {
			isa = XCConfigurationList;
			buildConfigurations = (
				6D2C18EA29542C6900E2DA4E /* Debug */,
				6D2C18EB29542C6900E2DA4E /* Release */,
			);
			defaultConfigurationIsVisible = 0;
			defaultConfigurationName = Release;
		};
/* End XCConfigurationList section */
	};
	rootObject = 6D2C18B129542C6600E2DA4E /* Project object */;
}
